
Microsoft Visual Studio Solution File, Format Version 12.00
# Visual Studio 15
VisualStudioVersion = 15.0.27703.2026
MinimumVisualStudioVersion = 10.0.40219.1
Project("{FAE04EC0-301F-11D3-BF4B-00C04F79EFBC}") = "AzureADLabDNSControl", "AzureADLabDNSControl\AzureADLabDNSControl.csproj", "{6FA5B813-80F2-4D37-9489-81DF525EABEB}"
EndProject
Project("{2150E333-8FDC-42A3-9474-1A3956D46DE8}") = "Solution", "Solution", "{59C5B575-5C56-4693-A636-B9F80B60F2BB}"
	ProjectSection(SolutionItems) = preProject
		azuredeploy.json = azuredeploy.json
		azuredeploy.parameters.json = azuredeploy.parameters.json
		LICENSE = LICENSE
		README.md = README.md
	EndProjectSection
EndProject
Project("{FAE04EC0-301F-11D3-BF4B-00C04F79EFBC}") = "LabManageJob", "LabManageJob\LabManageJob.csproj", "{30192B9D-57DD-46DA-855F-73A51939BDFE}"
EndProject
Project("{FAE04EC0-301F-11D3-BF4B-00C04F79EFBC}") = "Lab.Data", "Lab.Data\Lab.Data.csproj", "{CB6389EF-2717-435D-B74B-5F66307C6191}"
EndProject
Project("{FAE04EC0-301F-11D3-BF4B-00C04F79EFBC}") = "Lab.Common", "Lab.Common\Lab.Common.csproj", "{5B1AC43D-54B1-446E-86A3-87174A16ECBC}"
EndProject
Global
	GlobalSection(SolutionConfigurationPlatforms) = preSolution
		Debug|Any CPU = Debug|Any CPU
		Release|Any CPU = Release|Any CPU
	EndGlobalSection
	GlobalSection(ProjectConfigurationPlatforms) = postSolution
		{6FA5B813-80F2-4D37-9489-81DF525EABEB}.Debug|Any CPU.ActiveCfg = Debug|Any CPU
		{6FA5B813-80F2-4D37-9489-81DF525EABEB}.Debug|Any CPU.Build.0 = Debug|Any CPU
		{6FA5B813-80F2-4D37-9489-81DF525EABEB}.Release|Any CPU.ActiveCfg = Release|Any CPU
		{6FA5B813-80F2-4D37-9489-81DF525EABEB}.Release|Any CPU.Build.0 = Release|Any CPU
		{30192B9D-57DD-46DA-855F-73A51939BDFE}.Debug|Any CPU.ActiveCfg = Debug|Any CPU
		{30192B9D-57DD-46DA-855F-73A51939BDFE}.Debug|Any CPU.Build.0 = Debug|Any CPU
		{30192B9D-57DD-46DA-855F-73A51939BDFE}.Release|Any CPU.ActiveCfg = Release|Any CPU
		{30192B9D-57DD-46DA-855F-73A51939BDFE}.Release|Any CPU.Build.0 = Release|Any CPU
		{CB6389EF-2717-435D-B74B-5F66307C6191}.Debug|Any CPU.ActiveCfg = Debug|Any CPU
		{CB6389EF-2717-435D-B74B-5F66307C6191}.Debug|Any CPU.Build.0 = Debug|Any CPU
		{CB6389EF-2717-435D-B74B-5F66307C6191}.Release|Any CPU.ActiveCfg = Release|Any CPU
		{CB6389EF-2717-435D-B74B-5F66307C6191}.Release|Any CPU.Build.0 = Release|Any CPU
		{5B1AC43D-54B1-446E-86A3-87174A16ECBC}.Debug|Any CPU.ActiveCfg = Debug|Any CPU
		{5B1AC43D-54B1-446E-86A3-87174A16ECBC}.Debug|Any CPU.Build.0 = Debug|Any CPU
		{5B1AC43D-54B1-446E-86A3-87174A16ECBC}.Release|Any CPU.ActiveCfg = Release|Any CPU
		{5B1AC43D-54B1-446E-86A3-87174A16ECBC}.Release|Any CPU.Build.0 = Release|Any CPU
	EndGlobalSection
	GlobalSection(SolutionProperties) = preSolution
		HideSolutionNode = FALSE
	EndGlobalSection
	GlobalSection(ExtensibilityGlobals) = postSolution
		SolutionGuid = {C352EF4A-F8A2-4DFF-B9A6-9B0CC4927D31}
	EndGlobalSection
EndGlobal
